
Microsoft Visual Studio Solution File, Format Version 12.00
# Visual Studio Version 18
VisualStudioVersion = 18.0.11201.2 d18.0
MinimumVisualStudioVersion = 10.0.40219.1
Project("{8BC9CEB8-8B4A-11D0-8D11-00A0C91BC942}") = "DotAAllstarsHelperFinal", "DotAAllstarsHelperFinal\DotAAllstarsHelper.vcxproj", "{4B94B582-A36C-43FF-AB86-D01CF1299739}"
	ProjectSection(ProjectDependencies) = postProject
		{F142A341-5EE0-442D-A15F-98AE9B48DBAE} = {F142A341-5EE0-442D-A15F-98AE9B48DBAE}
	EndProjectSection
EndProject
Project("{8BC9CEB8-8B4A-11D0-8D11-00A0C91BC942}") = "libMinHook", "minhook_for_build\build\VC17\libMinHook.vcxproj", "{F142A341-5EE0-442D-A15F-98AE9B48DBAE}"
EndProject
Global
	GlobalSection(SolutionConfigurationPlatforms) = preSolution
		Release_Win7|x86 = Release_Win7|x86
		Release|x86 = Release|x86
	EndGlobalSection
	GlobalSection(ProjectConfigurationPlatforms) = postSolution
		{4B94B582-A36C-43FF-AB86-D01CF1299739}.Release_Win7|x86.ActiveCfg = Release_Win7|Win32
		{4B94B582-A36C-43FF-AB86-D01CF1299739}.Release_Win7|x86.Build.0 = Release_Win7|Win32
		{4B94B582-A36C-43FF-AB86-D01CF1299739}.Release|x86.ActiveCfg = Release|Win32
		{4B94B582-A36C-43FF-AB86-D01CF1299739}.Release|x86.Build.0 = Release|Win32
		{F142A341-5EE0-442D-A15F-98AE9B48DBAE}.Release_Win7|x86.ActiveCfg = Release_Win7|x64
		{F142A341-5EE0-442D-A15F-98AE9B48DBAE}.Release_Win7|x86.Build.0 = Release_Win7|x64
		{F142A341-5EE0-442D-A15F-98AE9B48DBAE}.Release|x86.ActiveCfg = Release|Win32
		{F142A341-5EE0-442D-A15F-98AE9B48DBAE}.Release|x86.Build.0 = Release|Win32
	EndGlobalSection
	GlobalSection(SolutionProperties) = preSolution
		HideSolutionNode = FALSE
	EndGlobalSection
	GlobalSection(ExtensibilityGlobals) = postSolution
		SolutionGuid = {A4BC26B2-E489-4BF6-9086-D996A06AA2C7}
	EndGlobalSection
EndGlobal
