<?xml version="1.0" encoding="utf-8"?>
<Project ToolsVersion="4.0" xmlns="http://schemas.microsoft.com/developer/msbuild/2003">
  <ItemGroup>
    <Filter Include="Headers">
      <UniqueIdentifier>{93995380-89BD-4b04-88EB-625FBE52EBFB}</UniqueIdentifier>
      <Extensions>h;hh;hpp;hxx;hm;inl;inc;xsd</Extensions>
    </Filter>
    <Filter Include="Src">
      <UniqueIdentifier>{4FC737F1-C7A5-4376-A066-2A32D752A2FF}</UniqueIdentifier>
      <Extensions>cpp;c;cc;cxx;def;odl;idl;hpj;bat;asm;asmx</Extensions>
    </Filter>
  </ItemGroup>
  <ItemGroup>
    <ClCompile Include="BlpReadWrite.cpp">
      <Filter>Src</Filter>
    </ClCompile>
    <ClCompile Include="Crc32Dynamic.cpp">
      <Filter>Src</Filter>
    </ClCompile>
    <ClCompile Include="DotaAllstarsHelper.cpp">
      <Filter>Src</Filter>
    </ClCompile>
    <ClCompile Include="DotaChatHelper.cpp">
      <Filter>Src</Filter>
    </ClCompile>
    <ClCompile Include="DotaClickHelper.cpp">
      <Filter>Src</Filter>
    </ClCompile>
    <ClCompile Include="DotaCustomFrames.cpp">
      <Filter>Src</Filter>
    </ClCompile>
    <ClCompile Include="DotaDebugHelpers.cpp">
      <Filter>Src</Filter>
    </ClCompile>
    <ClCompile Include="DotaErrorHandler.cpp">
      <Filter>Src</Filter>
    </ClCompile>
    <ClCompile Include="DotaFilesHelper.cpp">
      <Filter>Src</Filter>
    </ClCompile>
    <ClCompile Include="DotaFOVfix.cpp">
      <Filter>Src</Filter>
    </ClCompile>
    <ClCompile Include="DotaFrameDefHelper.cpp">
      <Filter>Src</Filter>
    </ClCompile>
    <ClCompile Include="DotaHelperOverlayDirectx8.cpp">
      <Filter>Src</Filter>
    </ClCompile>
    <ClCompile Include="DotaHelperOverlayOpengl.cpp">
      <Filter>Src</Filter>
    </ClCompile>
    <ClCompile Include="DotaHPBarHelper.cpp">
      <Filter>Src</Filter>
    </ClCompile>
    <ClCompile Include="DotaHttpHelper.cpp">
      <Filter>Src</Filter>
    </ClCompile>
    <ClCompile Include="DotaMemoryHackHelper.cpp">
      <Filter>Src</Filter>
    </ClCompile>
    <ClCompile Include="DotaMinimapHelper.cpp">
      <Filter>Src</Filter>
    </ClCompile>
    <ClCompile Include="DotaMPBarHelper.cpp">
      <Filter>Src</Filter>
    </ClCompile>
    <ClCompile Include="DotaPlayerHelper.cpp">
      <Filter>Src</Filter>
    </ClCompile>
    <ClCompile Include="DotaRawImagesDrawApi.cpp">
      <Filter>Src</Filter>
    </ClCompile>
    <ClCompile Include="DotaSyncScanner.cpp">
      <Filter>Src</Filter>
    </ClCompile>
    <ClCompile Include="DotaViewAllySkill.cpp">
      <Filter>Src</Filter>
    </ClCompile>
    <ClCompile Include="DotaWebHelper.cpp">
      <Filter>Src</Filter>
    </ClCompile>
    <ClCompile Include="hash_64.cpp">
      <Filter>Src</Filter>
    </ClCompile>
    <ClCompile Include="MegaPacketHandler.cpp">
      <Filter>Src</Filter>
    </ClCompile>
    <ClCompile Include="Storm.cpp">
      <Filter>Src</Filter>
    </ClCompile>
    <ClCompile Include="UnitAndItem.cpp">
      <Filter>Src</Filter>
    </ClCompile>
    <ClCompile Include="WarcraftFrameHelper.cpp">
      <Filter>Src</Filter>
    </ClCompile>
    <ClCompile Include="DotaSystemInfo.cpp">
      <Filter>Src</Filter>
    </ClCompile>
    <ClCompile Include="DotaFPSHelper.cpp">
      <Filter>Src</Filter>
    </ClCompile>
    <ClCompile Include="IniReader.cpp">
      <Filter>Src</Filter>
    </ClCompile>
    <ClCompile Include="IniWriter.cpp">
      <Filter>Src</Filter>
    </ClCompile>
    <ClCompile Include="quantizer.cpp">
      <Filter>Src</Filter>
    </ClCompile>
  </ItemGroup>
  <ItemGroup>
    <ClInclude Include="base64.h">
      <Filter>Headers</Filter>
    </ClInclude>
    <ClInclude Include="BlpReadWrite.h">
      <Filter>Headers</Filter>
    </ClInclude>
    <ClInclude Include="buffer.h">
      <Filter>Headers</Filter>
    </ClInclude>
    <ClInclude Include="Common.h">
      <Filter>Headers</Filter>
    </ClInclude>
    <ClInclude Include="Crc32Dynamic.h">
      <Filter>Headers</Filter>
    </ClInclude>
    <ClInclude Include="fnv.h">
      <Filter>Headers</Filter>
    </ClInclude>
    <ClInclude Include="fp_call.h">
      <Filter>Headers</Filter>
    </ClInclude>
    <ClInclude Include="FunctionTemplate.h">
      <Filter>Headers</Filter>
    </ClInclude>
    <ClInclude Include="HttpClass.h">
      <Filter>Headers</Filter>
    </ClInclude>
    <ClInclude Include="longlong.h">
      <Filter>Headers</Filter>
    </ClInclude>
    <ClInclude Include="Main.h">
      <Filter>Headers</Filter>
    </ClInclude>
    <ClInclude Include="MegaPacketHandler.h">
      <Filter>Headers</Filter>
    </ClInclude>
    <ClInclude Include="RawImageApi.h">
      <Filter>Headers</Filter>
    </ClInclude>
    <ClInclude Include="resource.h">
      <Filter>Headers</Filter>
    </ClInclude>
    <ClInclude Include="Storm.h">
      <Filter>Headers</Filter>
    </ClInclude>
    <ClInclude Include="Structures.h">
      <Filter>Headers</Filter>
    </ClInclude>
    <ClInclude Include="ViewAllySkill.h">
      <Filter>Headers</Filter>
    </ClInclude>
    <ClInclude Include="WarcraftFrameHelper.h">
      <Filter>Headers</Filter>
    </ClInclude>
    <ClInclude Include="WinHttpClient.h">
      <Filter>Headers</Filter>
    </ClInclude>
    <ClInclude Include="IniReader.h">
      <Filter>Headers</Filter>
    </ClInclude>
    <ClInclude Include="IniWriter.h">
      <Filter>Headers</Filter>
    </ClInclude>
    <ClInclude Include="DotaClickHelper.h">
      <Filter>Headers</Filter>
    </ClInclude>
    <ClInclude Include="quantizer.h">
      <Filter>Headers</Filter>
    </ClInclude>
    <ClInclude Include="GameStructs.h">
      <Filter>Headers</Filter>
    </ClInclude>
  </ItemGroup>
  <ItemGroup>
    <None Include="Source.def" />
  </ItemGroup>
  <ItemGroup>
    <ResourceCompile Include="DotAAllstarsHelper688.rc" />
  </ItemGroup>
</Project>